// !$*UTF8*$!
{
	archiveVersion = 1;
	classes = {
	};
	objectVersion = 46;
	objects = {

/* Begin PBXBuildFile section */
		D22840A21C0D2E35003405E7 /* index_img_pic.png in Resources */ = {isa = PBXBuildFile; fileRef = D22840A11C0D2E35003405E7 /* index_img_pic.png */; };
		D22840A61C0D31D7003405E7 /* index_btn_jiaoyi_down@2x.png in Resources */ = {isa = PBXBuildFile; fileRef = D22840A31C0D31D7003405E7 /* index_btn_jiaoyi_down@2x.png */; };
		D22840A71C0D31D7003405E7 /* index_btn_safe_down@2x.png in Resources */ = {isa = PBXBuildFile; fileRef = D22840A41C0D31D7003405E7 /* index_btn_safe_down@2x.png */; };
		D22840A81C0D31D7003405E7 /* index_btn_zijin_down@2x.png in Resources */ = {isa = PBXBuildFile; fileRef = D22840A51C0D31D7003405E7 /* index_btn_zijin_down@2x.png */; };
		D22840AA1C0D535E003405E7 /* me_img_user@2x.png in Resources */ = {isa = PBXBuildFile; fileRef = D22840A91C0D535E003405E7 /* me_img_user@2x.png */; };
		D22A59D11C0C45380058C2AB /* main.m in Sources */ = {isa = PBXBuildFile; fileRef = D22A59D01C0C45380058C2AB /* main.m */; };
		D22A59D41C0C45380058C2AB /* AppDelegate.m in Sources */ = {isa = PBXBuildFile; fileRef = D22A59D31C0C45380058C2AB /* AppDelegate.m */; };
		D22A59D71C0C45380058C2AB /* ViewController.m in Sources */ = {isa = PBXBuildFile; fileRef = D22A59D61C0C45380058C2AB /* ViewController.m */; };
		D22A59DA1C0C45380058C2AB /* Main.storyboard in Resources */ = {isa = PBXBuildFile; fileRef = D22A59D81C0C45380058C2AB /* Main.storyboard */; };
		D22A59DC1C0C45380058C2AB /* Assets.xcassets in Resources */ = {isa = PBXBuildFile; fileRef = D22A59DB1C0C45380058C2AB /* Assets.xcassets */; };
		D22A59DF1C0C45380058C2AB /* LaunchScreen.storyboard in Resources */ = {isa = PBXBuildFile; fileRef = D22A59DD1C0C45380058C2AB /* LaunchScreen.storyboard */; };
		D22A59EA1C0C45380058C2AB /* topViewTests.m in Sources */ = {isa = PBXBuildFile; fileRef = D22A59E91C0C45380058C2AB /* topViewTests.m */; };
		D22A59F51C0C45380058C2AB /* topViewUITests.m in Sources */ = {isa = PBXBuildFile; fileRef = D22A59F41C0C45380058C2AB /* topViewUITests.m */; };
/* End PBXBuildFile section */

/* Begin PBXContainerItemProxy section */
		D22A59E61C0C45380058C2AB /* PBXContainerItemProxy */ = {
			isa = PBXContainerItemProxy;
			containerPortal = D22A59C41C0C45380058C2AB /* Project object */;
			proxyType = 1;
			remoteGlobalIDString = D22A59CB1C0C45380058C2AB;
			remoteInfo = topView;
		};
		D22A59F11C0C45380058C2AB /* PBXContainerItemProxy */ = {
			isa = PBXContainerItemProxy;
			containerPortal = D22A59C41C0C45380058C2AB /* Project object */;
			proxyType = 1;
			remoteGlobalIDString = D22A59CB1C0C45380058C2AB;
			remoteInfo = topView;
		};
/* End PBXContainerItemProxy section */

/* Begin PBXFileReference section */
		D22840A11C0D2E35003405E7 /* index_img_pic.png */ = {isa = PBXFileReference; lastKnownFileType = image.png; path = index_img_pic.png; sourceTree = "<group>"; };
		D22840A31C0D31D7003405E7 /* index_btn_jiaoyi_down@2x.png */ = {isa = PBXFileReference; lastKnownFileType = image.png; path = "index_btn_jiaoyi_down@2x.png"; sourceTree = "<group>"; };
		D22840A41C0D31D7003405E7 /* index_btn_safe_down@2x.png */ = {isa = PBXFileReference; lastKnownFileType = image.png; path = "index_btn_safe_down@2x.png"; sourceTree = "<group>"; };
		D22840A51C0D31D7003405E7 /* index_btn_zijin_down@2x.png */ = {isa = PBXFileReference; lastKnownFileType = image.png; path = "index_btn_zijin_down@2x.png"; sourceTree = "<group>"; };
		D22840A91C0D535E003405E7 /* me_img_user@2x.png */ = {isa = PBXFileReference; lastKnownFileType = image.png; path = "me_img_user@2x.png"; sourceTree = "<group>"; };
		D22A59CC1C0C45380058C2AB /* topView.app */ = {isa = PBXFileReference; explicitFileType = wrapper.application; includeInIndex = 0; path = topView.app; sourceTree = BUILT_PRODUCTS_DIR; };
		D22A59D01C0C45380058C2AB /* main.m */ = {isa = PBXFileReference; lastKnownFileType = sourcecode.c.objc; path = main.m; sourceTree = "<group>"; };
		D22A59D21C0C45380058C2AB /* AppDelegate.h */ = {isa = PBXFileReference; lastKnownFileType = sourcecode.c.h; path = AppDelegate.h; sourceTree = "<group>"; };
		D22A59D31C0C45380058C2AB /* AppDelegate.m */ = {isa = PBXFileReference; lastKnownFileType = sourcecode.c.objc; path = AppDelegate.m; sourceTree = "<group>"; };
		D22A59D51C0C45380058C2AB /* ViewController.h */ = {isa = PBXFileReference; lastKnownFileType = sourcecode.c.h; path = ViewController.h; sourceTree = "<group>"; };
		D22A59D61C0C45380058C2AB /* ViewController.m */ = {isa = PBXFileReference; lastKnownFileType = sourcecode.c.objc; path = ViewController.m; sourceTree = "<group>"; };
		D22A59D91C0C45380058C2AB /* Base */ = {isa = PBXFileReference; lastKnownFileType = file.storyboard; name = Base; path = Base.lproj/Main.storyboard; sourceTree = "<group>"; };
		D22A59DB1C0C45380058C2AB /* Assets.xcassets */ = {isa = PBXFileReference; lastKnownFileType = folder.assetcatalog; path = Assets.xcassets; sourceTree = "<group>"; };
		D22A59DE1C0C45380058C2AB /* Base */ = {isa = PBXFileReference; lastKnownFileType = file.storyboard; name = Base; path = Base.lproj/LaunchScreen.storyboard; sourceTree = "<group>"; };
		D22A59E01C0C45380058C2AB /* Info.plist */ = {isa = PBXFileReference; lastKnownFileType = text.plist.xml; path = Info.plist; sourceTree = "<group>"; };
		D22A59E51C0C45380058C2AB /* topViewTests.xctest */ = {isa = PBXFileReference; explicitFileType = wrapper.cfbundle; includeInIndex = 0; path = topViewTests.xctest; sourceTree = BUILT_PRODUCTS_DIR; };
		D22A59E91C0C45380058C2AB /* topViewTests.m */ = {isa = PBXFileReference; lastKnownFileType = sourcecode.c.objc; path = topViewTests.m; sourceTree = "<group>"; };
		D22A59EB1C0C45380058C2AB /* Info.plist */ = {isa = PBXFileReference; lastKnownFileType = text.plist.xml; path = Info.plist; sourceTree = "<group>"; };
		D22A59F01C0C45380058C2AB /* topViewUITests.xctest */ = {isa = PBXFileReference; explicitFileType = wrapper.cfbundle; includeInIndex = 0; path = topViewUITests.xctest; sourceTree = BUILT_PRODUCTS_DIR; };
		D22A59F41C0C45380058C2AB /* topViewUITests.m */ = {isa = PBXFileReference; lastKnownFileType = sourcecode.c.objc; path = topViewUITests.m; sourceTree = "<group>"; };
		D22A59F61C0C45380058C2AB /* Info.plist */ = {isa = PBXFileReference; lastKnownFileType = text.plist.xml; path = Info.plist; sourceTree = "<group>"; };
/* End PBXFileReference section */

/* Begin PBXFrameworksBuildPhase section */
		D22A59C91C0C45380058C2AB /* Frameworks */ = {
			isa = PBXFrameworksBuildPhase;
			buildActionMask = 2147483647;
			files = (
			);
			runOnlyForDeploymentPostprocessing = 0;
		};
		D22A59E21C0C45380058C2AB /* Frameworks */ = {
			isa = PBXFrameworksBuildPhase;
			buildActionMask = 2147483647;
			files = (
			);
			runOnlyForDeploymentPostprocessing = 0;
		};
		D22A59ED1C0C45380058C2AB /* Frameworks */ = {
			isa = PBXFrameworksBuildPhase;
			buildActionMask = 2147483647;
			files = (
			);
			runOnlyForDeploymentPostprocessing = 0;
		};
/* End PBXFrameworksBuildPhase section */

/* Begin PBXGroup section */
		D22A59C31C0C45380058C2AB = {
			isa = PBXGroup;
			children = (
				D22A59CE1C0C45380058C2AB /* topView */,
				D22A59E81C0C45380058C2AB /* topViewTests */,
				D22A59F31C0C45380058C2AB /* topViewUITests */,
				D22A59CD1C0C45380058C2AB /* Products */,
			);
			sourceTree = "<group>";
		};
		D22A59CD1C0C45380058C2AB /* Products */ = {
			isa = PBXGroup;
			children = (
				D22A59CC1C0C45380058C2AB /* topView.app */,
				D22A59E51C0C45380058C2AB /* topViewTests.xctest */,
				D22A59F01C0C45380058C2AB /* topViewUITests.xctest */,
			);
			name = Products;
			sourceTree = "<group>";
		};
		D22A59CE1C0C45380058C2AB /* topView */ = {
			isa = PBXGroup;
			children = (
				D22840A91C0D535E003405E7 /* me_img_user@2x.png */,
				D22840A31C0D31D7003405E7 /* index_btn_jiaoyi_down@2x.png */,
				D22840A41C0D31D7003405E7 /* index_btn_safe_down@2x.png */,
				D22840A51C0D31D7003405E7 /* index_btn_zijin_down@2x.png */,
				D22840A11C0D2E35003405E7 /* index_img_pic.png */,
				D22A59D21C0C45380058C2AB /* AppDelegate.h */,
				D22A59D31C0C45380058C2AB /* AppDelegate.m */,
				D22A59D51C0C45380058C2AB /* ViewController.h */,
				D22A59D61C0C45380058C2AB /* ViewController.m */,
				D22A59D81C0C45380058C2AB /* Main.storyboard */,
				D22A59DB1C0C45380058C2AB /* Assets.xcassets */,
				D22A59DD1C0C45380058C2AB /* LaunchScreen.storyboard */,
				D22A59E01C0C45380058C2AB /* Info.plist */,
				D22A59CF1C0C45380058C2AB /* Supporting Files */,
			);
			path = topView;
			sourceTree = "<group>";
		};
		D22A59CF1C0C45380058C2AB /* Supporting Files */ = {
			isa = PBXGroup;
			children = (
				D22A59D01C0C45380058C2AB /* main.m */,
			);
			name = "Supporting Files";
			sourceTree = "<group>";
		};
		D22A59E81C0C45380058C2AB /* topViewTests */ = {
			isa = PBXGroup;
			children = (
				D22A59E91C0C45380058C2AB /* topViewTests.m */,
				D22A59EB1C0C45380058C2AB /* Info.plist */,
			);
			path = topViewTests;
			sourceTree = "<group>";
		};
		D22A59F31C0C45380058C2AB /* topViewUITests */ = {
			isa = PBXGroup;
			children = (
				D22A59F41C0C45380058C2AB /* topViewUITests.m */,
				D22A59F61C0C45380058C2AB /* Info.plist */,
			);
			path = topViewUITests;
			sourceTree = "<group>";
		};
/* End PBXGroup section */

/* Begin PBXNativeTarget section */
		D22A59CB1C0C45380058C2AB /* topView */ = {
			isa = PBXNativeTarget;
			buildConfigurationList = D22A59F91C0C45380058C2AB /* Build configuration list for PBXNativeTarget "topView" */;
			buildPhases = (
				D22A59C81C0C45380058C2AB /* Sources */,
				D22A59C91C0C45380058C2AB /* Frameworks */,
				D22A59CA1C0C45380058C2AB /* Resources */,
			);
			buildRules = (
			);
			dependencies = (
			);
			name = topView;
			productName = topView;
			productReference = D22A59CC1C0C45380058C2AB /* topView.app */;
			productType = "com.apple.product-type.application";
		};
		D22A59E41C0C45380058C2AB /* topViewTests */ = {
			isa = PBXNativeTarget;
			buildConfigurationList = D22A59FC1C0C45380058C2AB /* Build configuration list for PBXNativeTarget "topViewTests" */;
			buildPhases = (
				D22A59E11C0C45380058C2AB /* Sources */,
				D22A59E21C0C45380058C2AB /* Frameworks */,
				D22A59E31C0C45380058C2AB /* Resources */,
			);
			buildRules = (
			);
			dependencies = (
				D22A59E71C0C45380058C2AB /* PBXTargetDependency */,
			);
			name = topViewTests;
			productName = topViewTests;
			productReference = D22A59E51C0C45380058C2AB /* topViewTests.xctest */;
			productType = "com.apple.product-type.bundle.unit-test";
		};
		D22A59EF1C0C45380058C2AB /* topViewUITests */ = {
			isa = PBXNativeTarget;
			buildConfigurationList = D22A59FF1C0C45380058C2AB /* Build configuration list for PBXNativeTarget "topViewUITests" */;
			buildPhases = (
				D22A59EC1C0C45380058C2AB /* Sources */,
				D22A59ED1C0C45380058C2AB /* Frameworks */,
				D22A59EE1C0C45380058C2AB /* Resources */,
			);
			buildRules = (
			);
			dependencies = (
				D22A59F21C0C45380058C2AB /* PBXTargetDependency */,
			);
			name = topViewUITests;
			productName = topViewUITests;
			productReference = D22A59F01C0C45380058C2AB /* topViewUITests.xctest */;
			productType = "com.apple.product-type.bundle.ui-testing";
		};
/* End PBXNativeTarget section */

/* Begin PBXProject section */
		D22A59C41C0C45380058C2AB /* Project object */ = {
			isa = PBXProject;
			attributes = {
				LastUpgradeCheck = 0710;
				ORGANIZATIONNAME = xf;
				TargetAttributes = {
					D22A59CB1C0C45380058C2AB = {
						CreatedOnToolsVersion = 7.1.1;
					};
					D22A59E41C0C45380058C2AB = {
						CreatedOnToolsVersion = 7.1.1;
						TestTargetID = D22A59CB1C0C45380058C2AB;
					};
					D22A59EF1C0C45380058C2AB = {
						CreatedOnToolsVersion = 7.1.1;
						TestTargetID = D22A59CB1C0C45380058C2AB;
					};
				};
			};
			buildConfigurationList = D22A59C71C0C45380058C2AB /* Build configuration list for PBXProject "topView" */;
			compatibilityVersion = "Xcode 3.2";
			developmentRegion = English;
			hasScannedForEncodings = 0;
			knownRegions = (
				en,
				Base,
			);
			mainGroup = D22A59C31C0C45380058C2AB;
			productRefGroup = D22A59CD1C0C45380058C2AB /* Products */;
			projectDirPath = "";
			projectRoot = "";
			targets = (
				D22A59CB1C0C45380058C2AB /* topView */,
				D22A59E41C0C45380058C2AB /* topViewTests */,
				D22A59EF1C0C45380058C2AB /* topViewUITests */,
			);
		};
/* End PBXProject section */

/* Begin PBXResourcesBuildPhase section */
		D22A59CA1C0C45380058C2AB /* Resources */ = {
			isa = PBXResourcesBuildPhase;
			buildActionMask = 2147483647;
			files = (
				D22840A61C0D31D7003405E7 /* index_btn_jiaoyi_down@2x.png in Resources */,
				D22840A81C0D31D7003405E7 /* index_btn_zijin_down@2x.png in Resources */,
				D22A59DF1C0C45380058C2AB /* LaunchScreen.storyboard in Resources */,
				D22840AA1C0D535E003405E7 /* me_img_user@2x.png in Resources */,
				D22A59DC1C0C45380058C2AB /* Assets.xcassets in Resources */,
				D22A59DA1C0C45380058C2AB /* Main.storyboard in Resources */,
				D22840A21C0D2E35003405E7 /* index_img_pic.png in Resources */,
				D22840A71C0D31D7003405E7 /* index_btn_safe_down@2x.png in Resources */,
			);
			runOnlyForDeploymentPostprocessing = 0;
		};
		D22A59E31C0C45380058C2AB /* Resources */ = {
			isa = PBXResourcesBuildPhase;
			buildActionMask = 2147483647;
			files = (
			);
			runOnlyForDeploymentPostprocessing = 0;
		};
		D22A59EE1C0C45380058C2AB /* Resources */ = {
			isa = PBXResourcesBuildPhase;
			buildActionMask = 2147483647;
			files = (
			);
			runOnlyForDeploymentPostprocessing = 0;
		};
/* End PBXResourcesBuildPhase section */

/* Begin PBXSourcesBuildPhase section */
		D22A59C81C0C45380058C2AB /* Sources */ = {
			isa = PBXSourcesBuildPhase;
			buildActionMask = 2147483647;
			files = (
				D22A59D71C0C45380058C2AB /* ViewController.m in Sources */,
				D22A59D41C0C45380058C2AB /* AppDelegate.m in Sources */,
				D22A59D11C0C45380058C2AB /* main.m in Sources */,
			);
			runOnlyForDeploymentPostprocessing = 0;
		};
		D22A59E11C0C45380058C2AB /* Sources */ = {
			isa = PBXSourcesBuildPhase;
			buildActionMask = 2147483647;
			files = (
				D22A59EA1C0C45380058C2AB /* topViewTests.m in Sources */,
			);
			runOnlyForDeploymentPostprocessing = 0;
		};
		D22A59EC1C0C45380058C2AB /* Sources */ = {
			isa = PBXSourcesBuildPhase;
			buildActionMask = 2147483647;
			files = (
				D22A59F51C0C45380058C2AB /* topViewUITests.m in Sources */,
			);
			runOnlyForDeploymentPostprocessing = 0;
		};
/* End PBXSourcesBuildPhase section */

/* Begin PBXTargetDependency section */
		D22A59E71C0C45380058C2AB /* PBXTargetDependency */ = {
			isa = PBXTargetDependency;
			target = D22A59CB1C0C45380058C2AB /* topView */;
			targetProxy = D22A59E61C0C45380058C2AB /* PBXContainerItemProxy */;
		};
		D22A59F21C0C45380058C2AB /* PBXTargetDependency */ = {
			isa = PBXTargetDependency;
			target = D22A59CB1C0C45380058C2AB /* topView */;
			targetProxy = D22A59F11C0C45380058C2AB /* PBXContainerItemProxy */;
		};
/* End PBXTargetDependency section */

/* Begin PBXVariantGroup section */
		D22A59D81C0C45380058C2AB /* Main.storyboard */ = {
			isa = PBXVariantGroup;
			children = (
				D22A59D91C0C45380058C2AB /* Base */,
			);
			name = Main.storyboard;
			sourceTree = "<group>";
		};
		D22A59DD1C0C45380058C2AB /* LaunchScreen.storyboard */ = {
			isa = PBXVariantGroup;
			children = (
				D22A59DE1C0C45380058C2AB /* Base */,
			);
			name = LaunchScreen.storyboard;
			sourceTree = "<group>";
		};
/* End PBXVariantGroup section */

/* Begin XCBuildConfiguration section */
		D22A59F71C0C45380058C2AB /* Debug */ = {
			isa = XCBuildConfiguration;
			buildSettings = {
				ALWAYS_SEARCH_USER_PATHS = NO;
				CLANG_CXX_LANGUAGE_STANDARD = "gnu++0x";
				CLANG_CXX_LIBRARY = "libc++";
				CLANG_ENABLE_MODULES = YES;
				CLANG_ENABLE_OBJC_ARC = YES;
				CLANG_WARN_BOOL_CONVERSION = YES;
				CLANG_WARN_CONSTANT_CONVERSION = YES;
				CLANG_WARN_DIRECT_OBJC_ISA_USAGE = YES_ERROR;
				CLANG_WARN_EMPTY_BODY = YES;
				CLANG_WARN_ENUM_CONVERSION = YES;
				CLANG_WARN_INT_CONVERSION = YES;
				CLANG_WARN_OBJC_ROOT_CLASS = YES_ERROR;
				CLANG_WARN_UNREACHABLE_CODE = YES;
				CLANG_WARN__DUPLICATE_METHOD_MATCH = YES;
				"CODE_SIGN_IDENTITY[sdk=iphoneos*]" = "iPhone Developer";
				COPY_PHASE_STRIP = NO;
				DEBUG_INFORMATION_FORMAT = dwarf;
				ENABLE_STRICT_OBJC_MSGSEND = YES;
				ENABLE_TESTABILITY = YES;
				GCC_C_LANGUAGE_STANDARD = gnu99;
				GCC_DYNAMIC_NO_PIC = NO;
				GCC_NO_COMMON_BLOCKS = YES;
				GCC_OPTIMIZATION_LEVEL = 0;
				GCC_PREPROCESSOR_DEFINITIONS = (
					"DEBUG=1",
					"$(inherited)",
				);
				GCC_WARN_64_TO_32_BIT_CONVERSION = YES;
				GCC_WARN_ABOUT_RETURN_TYPE = YES_ERROR;
				GCC_WARN_UNDECLARED_SELECTOR = YES;
				GCC_WARN_UNINITIALIZED_AUTOS = YES_AGGRESSIVE;
				GCC_WARN_UNUSED_FUNCTION = YES;
				GCC_WARN_UNUSED_VARIABLE = YES;
				IPHONEOS_DEPLOYMENT_TARGET = 9.1;
				MTL_ENABLE_DEBUG_INFO = YES;
				ONLY_ACTIVE_ARCH = YES;
				SDKROOT = iphoneos;
			};
			name = Debug;
		};
		D22A59F81C0C45380058C2AB /* Release */ = {
			isa = XCBuildConfiguration;
			buildSettings = {
				ALWAYS_SEARCH_USER_PATHS = NO;
				CLANG_CXX_LANGUAGE_STANDARD = "gnu++0x";
				CLANG_CXX_LIBRARY = "libc++";
				CLANG_ENABLE_MODULES = YES;
				CLANG_ENABLE_OBJC_ARC = YES;
				CLANG_WARN_BOOL_CONVERSION = YES;
				CLANG_WARN_CONSTANT_CONVERSION = YES;
				CLANG_WARN_DIRECT_OBJC_ISA_USAGE = YES_ERROR;
				CLANG_WARN_EMPTY_BODY = YES;
				CLANG_WARN_ENUM_CONVERSION = YES;
				CLANG_WARN_INT_CONVERSION = YES;
				CLANG_WARN_OBJC_ROOT_CLASS = YES_ERROR;
				CLANG_WARN_UNREACHABLE_CODE = YES;
				CLANG_WARN__DUPLICATE_METHOD_MATCH = YES;
				"CODE_SIGN_IDENTITY[sdk=iphoneos*]" = "iPhone Developer";
				COPY_PHASE_STRIP = NO;
				DEBUG_INFORMATION_FORMAT = "dwarf-with-dsym";
				ENABLE_NS_ASSERTIONS = NO;
				ENABLE_STRICT_OBJC_MSGSEND = YES;
				GCC_C_LANGUAGE_STANDARD = gnu99;
				GCC_NO_COMMON_BLOCKS = YES;
				GCC_WARN_64_TO_32_BIT_CONVERSION = YES;
				GCC_WARN_ABOUT_RETURN_TYPE = YES_ERROR;
				GCC_WARN_UNDECLARED_SELECTOR = YES;
				GCC_WARN_UNINITIALIZED_AUTOS = YES_AGGRESSIVE;
				GCC_WARN_UNUSED_FUNCTION = YES;
				GCC_WARN_UNUSED_VARIABLE = YES;
				IPHONEOS_DEPLOYMENT_TARGET = 9.1;
				MTL_ENABLE_DEBUG_INFO = NO;
				SDKROOT = iphoneos;
				VALIDATE_PRODUCT = YES;
			};
			name = Release;
		};
		D22A59FA1C0C45380058C2AB /* Debug */ = {
			isa = XCBuildConfiguration;
			buildSettings = {
				ASSETCATALOG_COMPILER_APPICON_NAME = AppIcon;
				INFOPLIST_FILE = topView/Info.plist;
				LD_RUNPATH_SEARCH_PATHS = "$(inherited) @executable_path/Frameworks";
				PRODUCT_BUNDLE_IDENTIFIER = cn.xf.topView;
				PRODUCT_NAME = "$(TARGET_NAME)";
			};
			name = Debug;
		};
		D22A59FB1C0C45380058C2AB /* Release */ = {
			isa = XCBuildConfiguration;
			buildSettings = {
				ASSETCATALOG_COMPILER_APPICON_NAME = AppIcon;
				INFOPLIST_FILE = topView/Info.plist;
				LD_RUNPATH_SEARCH_PATHS = "$(inherited) @executable_path/Frameworks";
				PRODUCT_BUNDLE_IDENTIFIER = cn.xf.topView;
				PRODUCT_NAME = "$(TARGET_NAME)";
			};
			name = Release;
		};
		D22A59FD1C0C45380058C2AB /* Debug */ = {
			isa = XCBuildConfiguration;
			buildSettings = {
				BUNDLE_LOADER = "$(TEST_HOST)";
				INFOPLIST_FILE = topViewTests/Info.plist;
				LD_RUNPATH_SEARCH_PATHS = "$(inherited) @executable_path/Frameworks @loader_path/Frameworks";
				PRODUCT_BUNDLE_IDENTIFIER = cn.xf.topViewTests;
				PRODUCT_NAME = "$(TARGET_NAME)";
				TEST_HOST = "$(BUILT_PRODUCTS_DIR)/topView.app/topView";
			};
			name = Debug;
		};
		D22A59FE1C0C45380058C2AB /* Release */ = {
			isa = XCBuildConfiguration;
			buildSettings = {
				BUNDLE_LOADER = "$(TEST_HOST)";
				INFOPLIST_FILE = topViewTests/Info.plist;
				LD_RUNPATH_SEARCH_PATHS = "$(inherited) @executable_path/Frameworks @loader_path/Frameworks";
				PRODUCT_BUNDLE_IDENTIFIER = cn.xf.topViewTests;
				PRODUCT_NAME = "$(TARGET_NAME)";
				TEST_HOST = "$(BUILT_PRODUCTS_DIR)/topView.app/topView";
			};
			name = Release;
		};
		D22A5A001C0C45380058C2AB /* Debug */ = {
			isa = XCBuildConfiguration;
			buildSettings = {
				INFOPLIST_FILE = topViewUITests/Info.plist;
				LD_RUNPATH_SEARCH_PATHS = "$(inherited) @executable_path/Frameworks @loader_path/Frameworks";
				PRODUCT_BUNDLE_IDENTIFIER = cn.xf.topViewUITests;
				PRODUCT_NAME = "$(TARGET_NAME)";
				TEST_TARGET_NAME = topView;
				USES_XCTRUNNER = YES;
			};
			name = Debug;
		};
		D22A5A011C0C45380058C2AB /* Release */ = {
			isa = XCBuildConfiguration;
			buildSettings = {
				INFOPLIST_FILE = topViewUITests/Info.plist;
				LD_RUNPATH_SEARCH_PATHS = "$(inherited) @executable_path/Frameworks @loader_path/Frameworks";
				PRODUCT_BUNDLE_IDENTIFIER = cn.xf.topViewUITests;
				PRODUCT_NAME = "$(TARGET_NAME)";
				TEST_TARGET_NAME = topView;
				USES_XCTRUNNER = YES;
			};
			name = Release;
		};
/* End XCBuildConfiguration section */

/* Begin XCConfigurationList section */
		D22A59C71C0C45380058C2AB /* Build configuration list for PBXProject "topView" */ = {
			isa = XCConfigurationList;
			buildConfigurations = (
				D22A59F71C0C45380058C2AB /* Debug */,
				D22A59F81C0C45380058C2AB /* Release */,
			);
			defaultConfigurationIsVisible = 0;
			defaultConfigurationName = Release;
		};
		D22A59F91C0C45380058C2AB /* Build configuration list for PBXNativeTarget "topView" */ = {
			isa = XCConfigurationList;
			buildConfigurations = (
				D22A59FA1C0C45380058C2AB /* Debug */,
				D22A59FB1C0C45380058C2AB /* Release */,
			);
			defaultConfigurationIsVisible = 0;
			defaultConfigurationName = Release;
		};
		D22A59FC1C0C45380058C2AB /* Build configuration list for PBXNativeTarget "topViewTests" */ = {
			isa = XCConfigurationList;
			buildConfigurations = (
				D22A59FD1C0C45380058C2AB /* Debug */,
				D22A59FE1C0C45380058C2AB /* Release */,
			);
			defaultConfigurationIsVisible = 0;
			defaultConfigurationName = Release;
		};
		D22A59FF1C0C45380058C2AB /* Build configuration list for PBXNativeTarget "topViewUITests" */ = {
			isa = XCConfigurationList;
			buildConfigurations = (
				D22A5A001C0C45380058C2AB /* Debug */,
				D22A5A011C0C45380058C2AB /* Release */,
			);
			defaultConfigurationIsVisible = 0;
			defaultConfigurationName = Release;
		};
/* End XCConfigurationList section */
	};
	rootObject = D22A59C41C0C45380058C2AB /* Project object */;
}
